
Microsoft Visual Studio Solution File, Format Version 12.00
# Visual Studio Version 17
VisualStudioVersion = 17.12.35728.132
MinimumVisualStudioVersion = 10.0.40219.1
Project("{2150E333-8FDC-42A3-9474-1A3956D46DE8}") = "tests", "tests", "{8B0FE67B-1D4E-4348-B4D6-41412AF2115E}"
EndProject
Project("{2150E333-8FDC-42A3-9474-1A3956D46DE8}") = "src", "src", "{48AA7644-458D-44C9-9DD5-B38E6BEF43DB}"
EndProject
Project("{FAE04EC0-301F-11D3-BF4B-00C04F79EFBC}") = "PetHotel.API", "src\PetHotel\PetHotel.API.csproj", "{F988ACC5-1135-4278-8219-56D418497BE0}"
EndProject
Project("{FAE04EC0-301F-11D3-BF4B-00C04F79EFBC}") = "PetHotel.Application", "src\PetHotel.Application\PetHotel.Application.csproj", "{0F25C46D-8E9B-4724-B088-351224949B47}"
EndProject
Project("{FAE04EC0-301F-11D3-BF4B-00C04F79EFBC}") = "PetHotel.Domain", "src\PetHotel.Domain\PetHotel.Domain.csproj", "{D1817227-ABE0-4958-8F55-E6BEAEF599C4}"
EndProject
Project("{FAE04EC0-301F-11D3-BF4B-00C04F79EFBC}") = "PetHotel.Infrastructure", "src\PetHotel.Infrastructure\PetHotel.Infrastructure.csproj", "{FD6B9905-6ACE-4580-B4DF-2E1FD79E27E1}"
EndProject
Project("{FAE04EC0-301F-11D3-BF4B-00C04F79EFBC}") = "PetHotel.Application.Tests", "tests\PetHotel.Application.Tests\PetHotel.Application.Tests.csproj", "{863F7300-4F07-4EE8-A376-E3FDC50A52AE}"
EndProject
Project("{FAE04EC0-301F-11D3-BF4B-00C04F79EFBC}") = "PetHotel.API.Tests", "src\PetHotel.API.Tests1\PetHotel.API.Tests.csproj", "{FF2AEC6C-2B54-4993-A150-52028F93CDD8}"
EndProject
Global
	GlobalSection(SolutionConfigurationPlatforms) = preSolution
		Debug|Any CPU = Debug|Any CPU
		Release|Any CPU = Release|Any CPU
	EndGlobalSection
	GlobalSection(ProjectConfigurationPlatforms) = postSolution
		{F988ACC5-1135-4278-8219-56D418497BE0}.Debug|Any CPU.ActiveCfg = Debug|Any CPU
		{F988ACC5-1135-4278-8219-56D418497BE0}.Debug|Any CPU.Build.0 = Debug|Any CPU
		{F988ACC5-1135-4278-8219-56D418497BE0}.Release|Any CPU.ActiveCfg = Release|Any CPU
		{F988ACC5-1135-4278-8219-56D418497BE0}.Release|Any CPU.Build.0 = Release|Any CPU
		{0F25C46D-8E9B-4724-B088-351224949B47}.Debug|Any CPU.ActiveCfg = Debug|Any CPU
		{0F25C46D-8E9B-4724-B088-351224949B47}.Debug|Any CPU.Build.0 = Debug|Any CPU
		{0F25C46D-8E9B-4724-B088-351224949B47}.Release|Any CPU.ActiveCfg = Release|Any CPU
		{0F25C46D-8E9B-4724-B088-351224949B47}.Release|Any CPU.Build.0 = Release|Any CPU
		{D1817227-ABE0-4958-8F55-E6BEAEF599C4}.Debug|Any CPU.ActiveCfg = Debug|Any CPU
		{D1817227-ABE0-4958-8F55-E6BEAEF599C4}.Debug|Any CPU.Build.0 = Debug|Any CPU
		{D1817227-ABE0-4958-8F55-E6BEAEF599C4}.Release|Any CPU.ActiveCfg = Release|Any CPU
		{D1817227-ABE0-4958-8F55-E6BEAEF599C4}.Release|Any CPU.Build.0 = Release|Any CPU
		{FD6B9905-6ACE-4580-B4DF-2E1FD79E27E1}.Debug|Any CPU.ActiveCfg = Debug|Any CPU
		{FD6B9905-6ACE-4580-B4DF-2E1FD79E27E1}.Debug|Any CPU.Build.0 = Debug|Any CPU
		{FD6B9905-6ACE-4580-B4DF-2E1FD79E27E1}.Release|Any CPU.ActiveCfg = Release|Any CPU
		{FD6B9905-6ACE-4580-B4DF-2E1FD79E27E1}.Release|Any CPU.Build.0 = Release|Any CPU
		{863F7300-4F07-4EE8-A376-E3FDC50A52AE}.Debug|Any CPU.ActiveCfg = Debug|Any CPU
		{863F7300-4F07-4EE8-A376-E3FDC50A52AE}.Debug|Any CPU.Build.0 = Debug|Any CPU
		{863F7300-4F07-4EE8-A376-E3FDC50A52AE}.Release|Any CPU.ActiveCfg = Release|Any CPU
		{863F7300-4F07-4EE8-A376-E3FDC50A52AE}.Release|Any CPU.Build.0 = Release|Any CPU
		{FF2AEC6C-2B54-4993-A150-52028F93CDD8}.Debug|Any CPU.ActiveCfg = Debug|Any CPU
		{FF2AEC6C-2B54-4993-A150-52028F93CDD8}.Debug|Any CPU.Build.0 = Debug|Any CPU
		{FF2AEC6C-2B54-4993-A150-52028F93CDD8}.Release|Any CPU.ActiveCfg = Release|Any CPU
		{FF2AEC6C-2B54-4993-A150-52028F93CDD8}.Release|Any CPU.Build.0 = Release|Any CPU
	EndGlobalSection
	GlobalSection(SolutionProperties) = preSolution
		HideSolutionNode = FALSE
	EndGlobalSection
	GlobalSection(NestedProjects) = preSolution
		{F988ACC5-1135-4278-8219-56D418497BE0} = {48AA7644-458D-44C9-9DD5-B38E6BEF43DB}
		{0F25C46D-8E9B-4724-B088-351224949B47} = {48AA7644-458D-44C9-9DD5-B38E6BEF43DB}
		{D1817227-ABE0-4958-8F55-E6BEAEF599C4} = {48AA7644-458D-44C9-9DD5-B38E6BEF43DB}
		{FD6B9905-6ACE-4580-B4DF-2E1FD79E27E1} = {48AA7644-458D-44C9-9DD5-B38E6BEF43DB}
		{863F7300-4F07-4EE8-A376-E3FDC50A52AE} = {8B0FE67B-1D4E-4348-B4D6-41412AF2115E}
		{FF2AEC6C-2B54-4993-A150-52028F93CDD8} = {8B0FE67B-1D4E-4348-B4D6-41412AF2115E}
	EndGlobalSection
EndGlobal
